
Microsoft Visual Studio Solution File, Format Version 12.00
# Visual Studio 15
VisualStudioVersion = 15.0.28307.960
MinimumVisualStudioVersion = 10.0.40219.1
Project("{8BC9CEB8-8B4A-11D0-8D11-00A0C91BC942}") = "nativeAPI", "nativeAPI\nativeAPI.vcxproj", "{7BAB7244-7DD3-4573-8A59-C1AF1F626B68}"
EndProject
Global
	GlobalSection(SolutionConfigurationPlatforms) = preSolution
		Debug|x64 = Debug|x64
		Debug|x86 = Debug|x86
		Release|x64 = Release|x64
		Release|x86 = Release|x86
	EndGlobalSection
	GlobalSection(ProjectConfigurationPlatforms) = postSolution
		{7BAB7244-7DD3-4573-8A59-C1AF1F626B68}.Debug|x64.ActiveCfg = Debug|x64
		{7BAB7244-7DD3-4573-8A59-C1AF1F626B68}.Debug|x64.Build.0 = Debug|x64
		{7BAB7244-7DD3-4573-8A59-C1AF1F626B68}.Debug|x86.ActiveCfg = Debug|Win32
		{7BAB7244-7DD3-4573-8A59-C1AF1F626B68}.Debug|x86.Build.0 = Debug|Win32
		{7BAB7244-7DD3-4573-8A59-C1AF1F626B68}.Release|x64.ActiveCfg = Release|x64
		{7BAB7244-7DD3-4573-8A59-C1AF1F626B68}.Release|x64.Build.0 = Release|x64
		{7BAB7244-7DD3-4573-8A59-C1AF1F626B68}.Release|x86.ActiveCfg = Release|Win32
		{7BAB7244-7DD3-4573-8A59-C1AF1F626B68}.Release|x86.Build.0 = Release|Win32
	EndGlobalSection
	GlobalSection(SolutionProperties) = preSolution
		HideSolutionNode = FALSE
	EndGlobalSection
	GlobalSection(ExtensibilityGlobals) = postSolution
		SolutionGuid = {2124D33B-61B7-4D47-AADE-1246D3F0787B}
	EndGlobalSection
EndGlobal
